
Microsoft Visual Studio Solution File, Format Version 12.00
# Visual Studio Version 16
VisualStudioVersion = 16.0.29920.165
MinimumVisualStudioVersion = 10.0.40219.1
Project("{FAE04EC0-301F-11D3-BF4B-00C04F79EFBC}") = "WindowsFormsApp1", "WindowsFormsApp1\WindowsFormsApp1.csproj", "{8115A190-96C4-4AE9-8467-A876D13201A6}"
EndProject
Global
	GlobalSection(SolutionConfigurationPlatforms) = preSolution
		Debug|Any CPU = Debug|Any CPU
		Release|Any CPU = Release|Any CPU
	EndGlobalSection
	GlobalSection(ProjectConfigurationPlatforms) = postSolution
		{8115A190-96C4-4AE9-8467-A876D13201A6}.Debug|Any CPU.ActiveCfg = Debug|Any CPU
		{8115A190-96C4-4AE9-8467-A876D13201A6}.Debug|Any CPU.Build.0 = Debug|Any CPU
		{8115A190-96C4-4AE9-8467-A876D13201A6}.Release|Any CPU.ActiveCfg = Release|Any CPU
		{8115A190-96C4-4AE9-8467-A876D13201A6}.Release|Any CPU.Build.0 = Release|Any CPU
	EndGlobalSection
	GlobalSection(SolutionProperties) = preSolution
		HideSolutionNode = FALSE
	EndGlobalSection
	GlobalSection(ExtensibilityGlobals) = postSolution
		SolutionGuid = {1F559CB3-A56A-46A5-8E57-0441A6B45DDA}
	EndGlobalSection
EndGlobal
